
Microsoft Visual Studio Solution File, Format Version 12.00
# Visual Studio Version 17
VisualStudioVersion = 17.0.31903.59
MinimumVisualStudioVersion = 10.0.40219.1
Project("{2150E333-8FDC-42A3-9474-1A3956D46DE8}") = "src", "src", "{827E0CD3-B72D-47B6-A68D-7590B98EB39B}"
EndProject
Project("{FAE04EC0-301F-11D3-BF4B-00C04F79EFBC}") = "Wisp.Core", "src\Wisp.Core\Wisp.Core.csproj", "{CEAC0A1E-C55F-4D89-8DB4-4AE9DCAE86A3}"
EndProject
Project("{FAE04EC0-301F-11D3-BF4B-00C04F79EFBC}") = "Wisp.RecommendationEngine", "src\Wisp.RecommendationEngine\Wisp.RecommendationEngine.csproj", "{D74BA7CE-58CB-4C62-9512-E70D3C122EE5}"
EndProject
Project("{FAE04EC0-301F-11D3-BF4B-00C04F79EFBC}") = "Wisp.Data", "src\Wisp.Data\Wisp.Data.csproj", "{A1062D1C-8F13-4FF4-8C18-F1A279708756}"
EndProject
Project("{FAE04EC0-301F-11D3-BF4B-00C04F79EFBC}") = "Wisp.SteamIntegration", "src\Wisp.SteamIntegration\Wisp.SteamIntegration.csproj", "{C1BE974B-05FC-499F-8488-86E2BB468879}"
EndProject
Project("{FAE04EC0-301F-11D3-BF4B-00C04F79EFBC}") = "Wisp.App", "src\Wisp.App\Wisp.App.csproj", "{B686F1B1-9504-407C-9B54-3776CC283721}"
EndProject
Project("{2150E333-8FDC-42A3-9474-1A3956D46DE8}") = "tests", "tests", "{0AB3BF05-4346-4AA6-1389-037BE0695223}"
EndProject
Project("{FAE04EC0-301F-11D3-BF4B-00C04F79EFBC}") = "Wisp.Core.Tests", "tests\Wisp.Core.Tests\Wisp.Core.Tests.csproj", "{71C374FB-0B39-408F-BCB5-CCF588D2BBE6}"
EndProject
Project("{FAE04EC0-301F-11D3-BF4B-00C04F79EFBC}") = "Wisp.RecommendationEngine.Tests", "tests\Wisp.RecommendationEngine.Tests\Wisp.RecommendationEngine.Tests.csproj", "{0BE15BD7-898A-464D-9B5E-ADA516C29C70}"
EndProject
Project("{FAE04EC0-301F-11D3-BF4B-00C04F79EFBC}") = "Wisp.Data.Tests", "tests\Wisp.Data.Tests\Wisp.Data.Tests.csproj", "{F245295D-C1D0-4F79-8AC8-F044B0AD63EC}"
EndProject
Project("{FAE04EC0-301F-11D3-BF4B-00C04F79EFBC}") = "Wisp.SteamIntegration.Tests", "tests\Wisp.SteamIntegration.Tests\Wisp.SteamIntegration.Tests.csproj", "{826EBEC9-D2CB-4A47-B27F-67006D270304}"
EndProject
Project("{FAE04EC0-301F-11D3-BF4B-00C04F79EFBC}") = "Wisp.App.Tests", "tests\Wisp.App.Tests\Wisp.App.Tests.csproj", "{E7B4B25C-BB88-43A4-B6A4-BA9CA7591F36}"
EndProject
Global
	GlobalSection(SolutionConfigurationPlatforms) = preSolution
		Debug|Any CPU = Debug|Any CPU
		Debug|x64 = Debug|x64
		Debug|x86 = Debug|x86
		Release|Any CPU = Release|Any CPU
		Release|x64 = Release|x64
		Release|x86 = Release|x86
	EndGlobalSection
	GlobalSection(ProjectConfigurationPlatforms) = postSolution
		{CEAC0A1E-C55F-4D89-8DB4-4AE9DCAE86A3}.Debug|Any CPU.ActiveCfg = Debug|Any CPU
		{CEAC0A1E-C55F-4D89-8DB4-4AE9DCAE86A3}.Debug|Any CPU.Build.0 = Debug|Any CPU
		{CEAC0A1E-C55F-4D89-8DB4-4AE9DCAE86A3}.Debug|x64.ActiveCfg = Debug|Any CPU
		{CEAC0A1E-C55F-4D89-8DB4-4AE9DCAE86A3}.Debug|x64.Build.0 = Debug|Any CPU
		{CEAC0A1E-C55F-4D89-8DB4-4AE9DCAE86A3}.Debug|x86.ActiveCfg = Debug|Any CPU
		{CEAC0A1E-C55F-4D89-8DB4-4AE9DCAE86A3}.Debug|x86.Build.0 = Debug|Any CPU
		{CEAC0A1E-C55F-4D89-8DB4-4AE9DCAE86A3}.Release|Any CPU.ActiveCfg = Release|Any CPU
		{CEAC0A1E-C55F-4D89-8DB4-4AE9DCAE86A3}.Release|Any CPU.Build.0 = Release|Any CPU
		{CEAC0A1E-C55F-4D89-8DB4-4AE9DCAE86A3}.Release|x64.ActiveCfg = Release|Any CPU
		{CEAC0A1E-C55F-4D89-8DB4-4AE9DCAE86A3}.Release|x64.Build.0 = Release|Any CPU
		{CEAC0A1E-C55F-4D89-8DB4-4AE9DCAE86A3}.Release|x86.ActiveCfg = Release|Any CPU
		{CEAC0A1E-C55F-4D89-8DB4-4AE9DCAE86A3}.Release|x86.Build.0 = Release|Any CPU
		{D74BA7CE-58CB-4C62-9512-E70D3C122EE5}.Debug|Any CPU.ActiveCfg = Debug|Any CPU
		{D74BA7CE-58CB-4C62-9512-E70D3C122EE5}.Debug|Any CPU.Build.0 = Debug|Any CPU
		{D74BA7CE-58CB-4C62-9512-E70D3C122EE5}.Debug|x64.ActiveCfg = Debug|Any CPU
		{D74BA7CE-58CB-4C62-9512-E70D3C122EE5}.Debug|x64.Build.0 = Debug|Any CPU
		{D74BA7CE-58CB-4C62-9512-E70D3C122EE5}.Debug|x86.ActiveCfg = Debug|Any CPU
		{D74BA7CE-58CB-4C62-9512-E70D3C122EE5}.Debug|x86.Build.0 = Debug|Any CPU
		{D74BA7CE-58CB-4C62-9512-E70D3C122EE5}.Release|Any CPU.ActiveCfg = Release|Any CPU
		{D74BA7CE-58CB-4C62-9512-E70D3C122EE5}.Release|Any CPU.Build.0 = Release|Any CPU
		{D74BA7CE-58CB-4C62-9512-E70D3C122EE5}.Release|x64.ActiveCfg = Release|Any CPU
		{D74BA7CE-58CB-4C62-9512-E70D3C122EE5}.Release|x64.Build.0 = Release|Any CPU
		{D74BA7CE-58CB-4C62-9512-E70D3C122EE5}.Release|x86.ActiveCfg = Release|Any CPU
		{D74BA7CE-58CB-4C62-9512-E70D3C122EE5}.Release|x86.Build.0 = Release|Any CPU
		{A1062D1C-8F13-4FF4-8C18-F1A279708756}.Debug|Any CPU.ActiveCfg = Debug|Any CPU
		{A1062D1C-8F13-4FF4-8C18-F1A279708756}.Debug|Any CPU.Build.0 = Debug|Any CPU
		{A1062D1C-8F13-4FF4-8C18-F1A279708756}.Debug|x64.ActiveCfg = Debug|Any CPU
		{A1062D1C-8F13-4FF4-8C18-F1A279708756}.Debug|x64.Build.0 = Debug|Any CPU
		{A1062D1C-8F13-4FF4-8C18-F1A279708756}.Debug|x86.ActiveCfg = Debug|Any CPU
		{A1062D1C-8F13-4FF4-8C18-F1A279708756}.Debug|x86.Build.0 = Debug|Any CPU
		{A1062D1C-8F13-4FF4-8C18-F1A279708756}.Release|Any CPU.ActiveCfg = Release|Any CPU
		{A1062D1C-8F13-4FF4-8C18-F1A279708756}.Release|Any CPU.Build.0 = Release|Any CPU
		{A1062D1C-8F13-4FF4-8C18-F1A279708756}.Release|x64.ActiveCfg = Release|Any CPU
		{A1062D1C-8F13-4FF4-8C18-F1A279708756}.Release|x64.Build.0 = Release|Any CPU
		{A1062D1C-8F13-4FF4-8C18-F1A279708756}.Release|x86.ActiveCfg = Release|Any CPU
		{A1062D1C-8F13-4FF4-8C18-F1A279708756}.Release|x86.Build.0 = Release|Any CPU
		{C1BE974B-05FC-499F-8488-86E2BB468879}.Debug|Any CPU.ActiveCfg = Debug|Any CPU
		{C1BE974B-05FC-499F-8488-86E2BB468879}.Debug|Any CPU.Build.0 = Debug|Any CPU
		{C1BE974B-05FC-499F-8488-86E2BB468879}.Debug|x64.ActiveCfg = Debug|Any CPU
		{C1BE974B-05FC-499F-8488-86E2BB468879}.Debug|x64.Build.0 = Debug|Any CPU
		{C1BE974B-05FC-499F-8488-86E2BB468879}.Debug|x86.ActiveCfg = Debug|Any CPU
		{C1BE974B-05FC-499F-8488-86E2BB468879}.Debug|x86.Build.0 = Debug|Any CPU
		{C1BE974B-05FC-499F-8488-86E2BB468879}.Release|Any CPU.ActiveCfg = Release|Any CPU
		{C1BE974B-05FC-499F-8488-86E2BB468879}.Release|Any CPU.Build.0 = Release|Any CPU
		{C1BE974B-05FC-499F-8488-86E2BB468879}.Release|x64.ActiveCfg = Release|Any CPU
		{C1BE974B-05FC-499F-8488-86E2BB468879}.Release|x64.Build.0 = Release|Any CPU
		{C1BE974B-05FC-499F-8488-86E2BB468879}.Release|x86.ActiveCfg = Release|Any CPU
		{C1BE974B-05FC-499F-8488-86E2BB468879}.Release|x86.Build.0 = Release|Any CPU
		{B686F1B1-9504-407C-9B54-3776CC283721}.Debug|Any CPU.ActiveCfg = Debug|Any CPU
		{B686F1B1-9504-407C-9B54-3776CC283721}.Debug|Any CPU.Build.0 = Debug|Any CPU
		{B686F1B1-9504-407C-9B54-3776CC283721}.Debug|x64.ActiveCfg = Debug|Any CPU
		{B686F1B1-9504-407C-9B54-3776CC283721}.Debug|x64.Build.0 = Debug|Any CPU
		{B686F1B1-9504-407C-9B54-3776CC283721}.Debug|x86.ActiveCfg = Debug|Any CPU
		{B686F1B1-9504-407C-9B54-3776CC283721}.Debug|x86.Build.0 = Debug|Any CPU
		{B686F1B1-9504-407C-9B54-3776CC283721}.Release|Any CPU.ActiveCfg = Release|Any CPU
		{B686F1B1-9504-407C-9B54-3776CC283721}.Release|Any CPU.Build.0 = Release|Any CPU
		{B686F1B1-9504-407C-9B54-3776CC283721}.Release|x64.ActiveCfg = Release|Any CPU
		{B686F1B1-9504-407C-9B54-3776CC283721}.Release|x64.Build.0 = Release|Any CPU
		{B686F1B1-9504-407C-9B54-3776CC283721}.Release|x86.ActiveCfg = Release|Any CPU
		{B686F1B1-9504-407C-9B54-3776CC283721}.Release|x86.Build.0 = Release|Any CPU
		{71C374FB-0B39-408F-BCB5-CCF588D2BBE6}.Debug|Any CPU.ActiveCfg = Debug|Any CPU
		{71C374FB-0B39-408F-BCB5-CCF588D2BBE6}.Debug|Any CPU.Build.0 = Debug|Any CPU
		{71C374FB-0B39-408F-BCB5-CCF588D2BBE6}.Debug|x64.ActiveCfg = Debug|Any CPU
		{71C374FB-0B39-408F-BCB5-CCF588D2BBE6}.Debug|x64.Build.0 = Debug|Any CPU
		{71C374FB-0B39-408F-BCB5-CCF588D2BBE6}.Debug|x86.ActiveCfg = Debug|Any CPU
		{71C374FB-0B39-408F-BCB5-CCF588D2BBE6}.Debug|x86.Build.0 = Debug|Any CPU
		{71C374FB-0B39-408F-BCB5-CCF588D2BBE6}.Release|Any CPU.ActiveCfg = Release|Any CPU
		{71C374FB-0B39-408F-BCB5-CCF588D2BBE6}.Release|Any CPU.Build.0 = Release|Any CPU
		{71C374FB-0B39-408F-BCB5-CCF588D2BBE6}.Release|x64.ActiveCfg = Release|Any CPU
		{71C374FB-0B39-408F-BCB5-CCF588D2BBE6}.Release|x64.Build.0 = Release|Any CPU
		{71C374FB-0B39-408F-BCB5-CCF588D2BBE6}.Release|x86.ActiveCfg = Release|Any CPU
		{71C374FB-0B39-408F-BCB5-CCF588D2BBE6}.Release|x86.Build.0 = Release|Any CPU
		{0BE15BD7-898A-464D-9B5E-ADA516C29C70}.Debug|Any CPU.ActiveCfg = Debug|Any CPU
		{0BE15BD7-898A-464D-9B5E-ADA516C29C70}.Debug|Any CPU.Build.0 = Debug|Any CPU
		{0BE15BD7-898A-464D-9B5E-ADA516C29C70}.Debug|x64.ActiveCfg = Debug|Any CPU
		{0BE15BD7-898A-464D-9B5E-ADA516C29C70}.Debug|x64.Build.0 = Debug|Any CPU
		{0BE15BD7-898A-464D-9B5E-ADA516C29C70}.Debug|x86.ActiveCfg = Debug|Any CPU
		{0BE15BD7-898A-464D-9B5E-ADA516C29C70}.Debug|x86.Build.0 = Debug|Any CPU
		{0BE15BD7-898A-464D-9B5E-ADA516C29C70}.Release|Any CPU.ActiveCfg = Release|Any CPU
		{0BE15BD7-898A-464D-9B5E-ADA516C29C70}.Release|Any CPU.Build.0 = Release|Any CPU
		{0BE15BD7-898A-464D-9B5E-ADA516C29C70}.Release|x64.ActiveCfg = Release|Any CPU
		{0BE15BD7-898A-464D-9B5E-ADA516C29C70}.Release|x64.Build.0 = Release|Any CPU
		{0BE15BD7-898A-464D-9B5E-ADA516C29C70}.Release|x86.ActiveCfg = Release|Any CPU
		{0BE15BD7-898A-464D-9B5E-ADA516C29C70}.Release|x86.Build.0 = Release|Any CPU
		{F245295D-C1D0-4F79-8AC8-F044B0AD63EC}.Debug|Any CPU.ActiveCfg = Debug|Any CPU
		{F245295D-C1D0-4F79-8AC8-F044B0AD63EC}.Debug|Any CPU.Build.0 = Debug|Any CPU
		{F245295D-C1D0-4F79-8AC8-F044B0AD63EC}.Debug|x64.ActiveCfg = Debug|Any CPU
		{F245295D-C1D0-4F79-8AC8-F044B0AD63EC}.Debug|x64.Build.0 = Debug|Any CPU
		{F245295D-C1D0-4F79-8AC8-F044B0AD63EC}.Debug|x86.ActiveCfg = Debug|Any CPU
		{F245295D-C1D0-4F79-8AC8-F044B0AD63EC}.Debug|x86.Build.0 = Debug|Any CPU
		{F245295D-C1D0-4F79-8AC8-F044B0AD63EC}.Release|Any CPU.ActiveCfg = Release|Any CPU
		{F245295D-C1D0-4F79-8AC8-F044B0AD63EC}.Release|Any CPU.Build.0 = Release|Any CPU
		{F245295D-C1D0-4F79-8AC8-F044B0AD63EC}.Release|x64.ActiveCfg = Release|Any CPU
		{F245295D-C1D0-4F79-8AC8-F044B0AD63EC}.Release|x64.Build.0 = Release|Any CPU
		{F245295D-C1D0-4F79-8AC8-F044B0AD63EC}.Release|x86.ActiveCfg = Release|Any CPU
		{F245295D-C1D0-4F79-8AC8-F044B0AD63EC}.Release|x86.Build.0 = Release|Any CPU
		{826EBEC9-D2CB-4A47-B27F-67006D270304}.Debug|Any CPU.ActiveCfg = Debug|Any CPU
		{826EBEC9-D2CB-4A47-B27F-67006D270304}.Debug|Any CPU.Build.0 = Debug|Any CPU
		{826EBEC9-D2CB-4A47-B27F-67006D270304}.Debug|x64.ActiveCfg = Debug|Any CPU
		{826EBEC9-D2CB-4A47-B27F-67006D270304}.Debug|x64.Build.0 = Debug|Any CPU
		{826EBEC9-D2CB-4A47-B27F-67006D270304}.Debug|x86.ActiveCfg = Debug|Any CPU
		{826EBEC9-D2CB-4A47-B27F-67006D270304}.Debug|x86.Build.0 = Debug|Any CPU
		{826EBEC9-D2CB-4A47-B27F-67006D270304}.Release|Any CPU.ActiveCfg = Release|Any CPU
		{826EBEC9-D2CB-4A47-B27F-67006D270304}.Release|Any CPU.Build.0 = Release|Any CPU
		{826EBEC9-D2CB-4A47-B27F-67006D270304}.Release|x64.ActiveCfg = Release|Any CPU
		{826EBEC9-D2CB-4A47-B27F-67006D270304}.Release|x64.Build.0 = Release|Any CPU
		{826EBEC9-D2CB-4A47-B27F-67006D270304}.Release|x86.ActiveCfg = Release|Any CPU
		{826EBEC9-D2CB-4A47-B27F-67006D270304}.Release|x86.Build.0 = Release|Any CPU
		{E7B4B25C-BB88-43A4-B6A4-BA9CA7591F36}.Debug|Any CPU.ActiveCfg = Debug|Any CPU
		{E7B4B25C-BB88-43A4-B6A4-BA9CA7591F36}.Debug|Any CPU.Build.0 = Debug|Any CPU
		{E7B4B25C-BB88-43A4-B6A4-BA9CA7591F36}.Debug|x64.ActiveCfg = Debug|Any CPU
		{E7B4B25C-BB88-43A4-B6A4-BA9CA7591F36}.Debug|x64.Build.0 = Debug|Any CPU
		{E7B4B25C-BB88-43A4-B6A4-BA9CA7591F36}.Debug|x86.ActiveCfg = Debug|Any CPU
		{E7B4B25C-BB88-43A4-B6A4-BA9CA7591F36}.Debug|x86.Build.0 = Debug|Any CPU
		{E7B4B25C-BB88-43A4-B6A4-BA9CA7591F36}.Release|Any CPU.ActiveCfg = Release|Any CPU
		{E7B4B25C-BB88-43A4-B6A4-BA9CA7591F36}.Release|Any CPU.Build.0 = Release|Any CPU
		{E7B4B25C-BB88-43A4-B6A4-BA9CA7591F36}.Release|x64.ActiveCfg = Release|Any CPU
		{E7B4B25C-BB88-43A4-B6A4-BA9CA7591F36}.Release|x64.Build.0 = Release|Any CPU
		{E7B4B25C-BB88-43A4-B6A4-BA9CA7591F36}.Release|x86.ActiveCfg = Release|Any CPU
		{E7B4B25C-BB88-43A4-B6A4-BA9CA7591F36}.Release|x86.Build.0 = Release|Any CPU
	EndGlobalSection
	GlobalSection(SolutionProperties) = preSolution
		HideSolutionNode = FALSE
	EndGlobalSection
	GlobalSection(NestedProjects) = preSolution
		{CEAC0A1E-C55F-4D89-8DB4-4AE9DCAE86A3} = {827E0CD3-B72D-47B6-A68D-7590B98EB39B}
		{D74BA7CE-58CB-4C62-9512-E70D3C122EE5} = {827E0CD3-B72D-47B6-A68D-7590B98EB39B}
		{A1062D1C-8F13-4FF4-8C18-F1A279708756} = {827E0CD3-B72D-47B6-A68D-7590B98EB39B}
		{C1BE974B-05FC-499F-8488-86E2BB468879} = {827E0CD3-B72D-47B6-A68D-7590B98EB39B}
		{B686F1B1-9504-407C-9B54-3776CC283721} = {827E0CD3-B72D-47B6-A68D-7590B98EB39B}
		{71C374FB-0B39-408F-BCB5-CCF588D2BBE6} = {0AB3BF05-4346-4AA6-1389-037BE0695223}
		{0BE15BD7-898A-464D-9B5E-ADA516C29C70} = {0AB3BF05-4346-4AA6-1389-037BE0695223}
		{F245295D-C1D0-4F79-8AC8-F044B0AD63EC} = {0AB3BF05-4346-4AA6-1389-037BE0695223}
		{826EBEC9-D2CB-4A47-B27F-67006D270304} = {0AB3BF05-4346-4AA6-1389-037BE0695223}
		{E7B4B25C-BB88-43A4-B6A4-BA9CA7591F36} = {0AB3BF05-4346-4AA6-1389-037BE0695223}
	EndGlobalSection
EndGlobal
